
Microsoft Visual Studio Solution File, Format Version 12.00
# Visual Studio Version 16
VisualStudioVersion = 16.0.31424.327
MinimumVisualStudioVersion = 10.0.40219.1
Project("{FAE04EC0-301F-11D3-BF4B-00C04F79EFBC}") = "BlazorProject.Server", "BlazorProject\Server\BlazorProject.Server.csproj", "{A8C5101A-F3F2-4028-A4ED-56261B300E1F}"
EndProject
Project("{FAE04EC0-301F-11D3-BF4B-00C04F79EFBC}") = "BlazorProject.Client", "BlazorProject\Client\BlazorProject.Client.csproj", "{0E92FB5F-54D1-47AC-9E98-B1E2DBD6A9D2}"
EndProject
Project("{FAE04EC0-301F-11D3-BF4B-00C04F79EFBC}") = "BlazorProject.Shared", "BlazorProject\Shared\BlazorProject.Shared.csproj", "{B52361F6-CF4D-406D-BD83-D621DD7F69AD}"
EndProject
Global
	GlobalSection(SolutionConfigurationPlatforms) = preSolution
		Debug|Any CPU = Debug|Any CPU
		Release|Any CPU = Release|Any CPU
	EndGlobalSection
	GlobalSection(ProjectConfigurationPlatforms) = postSolution
		{A8C5101A-F3F2-4028-A4ED-56261B300E1F}.Debug|Any CPU.ActiveCfg = Debug|Any CPU
		{A8C5101A-F3F2-4028-A4ED-56261B300E1F}.Debug|Any CPU.Build.0 = Debug|Any CPU
		{A8C5101A-F3F2-4028-A4ED-56261B300E1F}.Release|Any CPU.ActiveCfg = Release|Any CPU
		{A8C5101A-F3F2-4028-A4ED-56261B300E1F}.Release|Any CPU.Build.0 = Release|Any CPU
		{0E92FB5F-54D1-47AC-9E98-B1E2DBD6A9D2}.Debug|Any CPU.ActiveCfg = Debug|Any CPU
		{0E92FB5F-54D1-47AC-9E98-B1E2DBD6A9D2}.Debug|Any CPU.Build.0 = Debug|Any CPU
		{0E92FB5F-54D1-47AC-9E98-B1E2DBD6A9D2}.Release|Any CPU.ActiveCfg = Release|Any CPU
		{0E92FB5F-54D1-47AC-9E98-B1E2DBD6A9D2}.Release|Any CPU.Build.0 = Release|Any CPU
		{B52361F6-CF4D-406D-BD83-D621DD7F69AD}.Debug|Any CPU.ActiveCfg = Debug|Any CPU
		{B52361F6-CF4D-406D-BD83-D621DD7F69AD}.Debug|Any CPU.Build.0 = Debug|Any CPU
		{B52361F6-CF4D-406D-BD83-D621DD7F69AD}.Release|Any CPU.ActiveCfg = Release|Any CPU
		{B52361F6-CF4D-406D-BD83-D621DD7F69AD}.Release|Any CPU.Build.0 = Release|Any CPU
	EndGlobalSection
	GlobalSection(SolutionProperties) = preSolution
		HideSolutionNode = FALSE
	EndGlobalSection
	GlobalSection(ExtensibilityGlobals) = postSolution
		SolutionGuid = {BBF43A38-775C-43D5-B019-6F7558189559}
	EndGlobalSection
EndGlobal
